// !$*UTF8*$!
{
	archiveVersion = 1;
	classes = {
	};
	objectVersion = 46;
	objects = {

/* Begin PBXBuildFile section */
		885B1045041467FBDE311D66 /* Pods.framework in Frameworks */ = {isa = PBXBuildFile; fileRef = B47322F58DCC7B1237B22524 /* Pods.framework */; settings = {ATTRIBUTES = (Weak, ); }; };
		B5DDB7091AA676C6005BA572 /* Seru.xcdatamodeld in Sources */ = {isa = PBXBuildFile; fileRef = B5DDB7031AA676C6005BA572 /* Seru.xcdatamodeld */; };
		B5DDB70C1AA676C6005BA572 /* StackTest.swift in Sources */ = {isa = PBXBuildFile; fileRef = B5DDB7071AA676C6005BA572 /* StackTest.swift */; };
/* End PBXBuildFile section */

/* Begin PBXFileReference section */
		AB956A484646D5B00CA75650 /* Pods.debug.xcconfig */ = {isa = PBXFileReference; includeInIndex = 1; lastKnownFileType = text.xcconfig; name = Pods.debug.xcconfig; path = "Pods/Target Support Files/Pods/Pods.debug.xcconfig"; sourceTree = "<group>"; };
		B47322F58DCC7B1237B22524 /* Pods.framework */ = {isa = PBXFileReference; explicitFileType = wrapper.framework; includeInIndex = 0; path = Pods.framework; sourceTree = BUILT_PRODUCTS_DIR; };
		B5DDB6F91AA6745A005BA572 /* SeruTests.xctest */ = {isa = PBXFileReference; explicitFileType = wrapper.cfbundle; includeInIndex = 0; path = SeruTests.xctest; sourceTree = BUILT_PRODUCTS_DIR; };
		B5DDB6FC1AA6745A005BA572 /* Info.plist */ = {isa = PBXFileReference; lastKnownFileType = text.plist.xml; path = Info.plist; sourceTree = "<group>"; };
		B5DDB7041AA676C6005BA572 /* Seru.xcdatamodel */ = {isa = PBXFileReference; lastKnownFileType = wrapper.xcdatamodel; path = Seru.xcdatamodel; sourceTree = "<group>"; };
		B5DDB7071AA676C6005BA572 /* StackTest.swift */ = {isa = PBXFileReference; fileEncoding = 4; lastKnownFileType = sourcecode.swift; path = StackTest.swift; sourceTree = "<group>"; };
		BC2B77EDC1F8ED7DC3023A8E /* Pods.release.xcconfig */ = {isa = PBXFileReference; includeInIndex = 1; lastKnownFileType = text.xcconfig; name = Pods.release.xcconfig; path = "Pods/Target Support Files/Pods/Pods.release.xcconfig"; sourceTree = "<group>"; };
/* End PBXFileReference section */

/* Begin PBXFrameworksBuildPhase section */
		B5DDB6F61AA6745A005BA572 /* Frameworks */ = {
			isa = PBXFrameworksBuildPhase;
			buildActionMask = 2147483647;
			files = (
				885B1045041467FBDE311D66 /* Pods.framework in Frameworks */,
			);
			runOnlyForDeploymentPostprocessing = 0;
		};
/* End PBXFrameworksBuildPhase section */

/* Begin PBXGroup section */
		5636FA522C4740696260EBBB /* Frameworks */ = {
			isa = PBXGroup;
			children = (
				B47322F58DCC7B1237B22524 /* Pods.framework */,
			);
			name = Frameworks;
			sourceTree = "<group>";
		};
		9A7DC647E5919ED33D297ECF /* Pods */ = {
			isa = PBXGroup;
			children = (
				AB956A484646D5B00CA75650 /* Pods.debug.xcconfig */,
				BC2B77EDC1F8ED7DC3023A8E /* Pods.release.xcconfig */,
			);
			name = Pods;
			sourceTree = "<group>";
		};
		B5DDB6D31AA67330005BA572 = {
			isa = PBXGroup;
			children = (
				B5DDB6FA1AA6745A005BA572 /* SeruTests */,
				B5DDB6DF1AA6734B005BA572 /* Products */,
				9A7DC647E5919ED33D297ECF /* Pods */,
				5636FA522C4740696260EBBB /* Frameworks */,
			);
			sourceTree = "<group>";
		};
		B5DDB6DF1AA6734B005BA572 /* Products */ = {
			isa = PBXGroup;
			children = (
				B5DDB6F91AA6745A005BA572 /* SeruTests.xctest */,
			);
			name = Products;
			sourceTree = "<group>";
		};
		B5DDB6FA1AA6745A005BA572 /* SeruTests */ = {
			isa = PBXGroup;
			children = (
				B5DDB7031AA676C6005BA572 /* Seru.xcdatamodeld */,
				B5DDB7071AA676C6005BA572 /* StackTest.swift */,
				B5DDB6FB1AA6745A005BA572 /* Supporting Files */,
			);
			path = SeruTests;
			sourceTree = "<group>";
		};
		B5DDB6FB1AA6745A005BA572 /* Supporting Files */ = {
			isa = PBXGroup;
			children = (
				B5DDB6FC1AA6745A005BA572 /* Info.plist */,
			);
			name = "Supporting Files";
			sourceTree = "<group>";
		};
/* End PBXGroup section */

/* Begin PBXNativeTarget section */
		B5DDB6F81AA6745A005BA572 /* SeruTests */ = {
			isa = PBXNativeTarget;
			buildConfigurationList = B5DDB6FF1AA6745A005BA572 /* Build configuration list for PBXNativeTarget "SeruTests" */;
			buildPhases = (
				CB8DAF8AD8343D933490DFCA /* Check Pods Manifest.lock */,
				B5DDB6F51AA6745A005BA572 /* Sources */,
				B5DDB6F61AA6745A005BA572 /* Frameworks */,
				B5DDB6F71AA6745A005BA572 /* Resources */,
				6C2E388064BDB5AF3C5717A3 /* Embed Pods Frameworks */,
				F627841E3B73849D0E741C15 /* Copy Pods Resources */,
			);
			buildRules = (
			);
			dependencies = (
			);
			name = SeruTests;
			productName = SeruTests;
			productReference = B5DDB6F91AA6745A005BA572 /* SeruTests.xctest */;
			productType = "com.apple.product-type.bundle.unit-test";
		};
/* End PBXNativeTarget section */

/* Begin PBXProject section */
		B5DDB6D41AA67330005BA572 /* Project object */ = {
			isa = PBXProject;
			attributes = {
				LastUpgradeCheck = 0610;
				TargetAttributes = {
					B5DDB6F81AA6745A005BA572 = {
						CreatedOnToolsVersion = 6.1.1;
					};
				};
			};
			buildConfigurationList = B5DDB6D71AA67330005BA572 /* Build configuration list for PBXProject "SeruTests" */;
			compatibilityVersion = "Xcode 3.2";
			developmentRegion = English;
			hasScannedForEncodings = 0;
			knownRegions = (
				en,
			);
			mainGroup = B5DDB6D31AA67330005BA572;
			productRefGroup = B5DDB6DF1AA6734B005BA572 /* Products */;
			projectDirPath = "";
			projectRoot = "";
			targets = (
				B5DDB6F81AA6745A005BA572 /* SeruTests */,
			);
		};
/* End PBXProject section */

/* Begin PBXResourcesBuildPhase section */
		B5DDB6F71AA6745A005BA572 /* Resources */ = {
			isa = PBXResourcesBuildPhase;
			buildActionMask = 2147483647;
			files = (
			);
			runOnlyForDeploymentPostprocessing = 0;
		};
/* End PBXResourcesBuildPhase section */

/* Begin PBXShellScriptBuildPhase section */
		6C2E388064BDB5AF3C5717A3 /* Embed Pods Frameworks */ = {
			isa = PBXShellScriptBuildPhase;
			buildActionMask = 2147483647;
			files = (
			);
			inputPaths = (
			);
			name = "Embed Pods Frameworks";
			outputPaths = (
			);
			runOnlyForDeploymentPostprocessing = 0;
			shellPath = /bin/sh;
			shellScript = "\"${SRCROOT}/Pods/Target Support Files/Pods/Pods-frameworks.sh\"\n";
			showEnvVarsInLog = 0;
		};
		CB8DAF8AD8343D933490DFCA /* Check Pods Manifest.lock */ = {
			isa = PBXShellScriptBuildPhase;
			buildActionMask = 2147483647;
			files = (
			);
			inputPaths = (
			);
			name = "Check Pods Manifest.lock";
			outputPaths = (
			);
			runOnlyForDeploymentPostprocessing = 0;
			shellPath = /bin/sh;
			shellScript = "diff \"${PODS_ROOT}/../Podfile.lock\" \"${PODS_ROOT}/Manifest.lock\" > /dev/null\nif [[ $? != 0 ]] ; then\n    cat << EOM\nerror: The sandbox is not in sync with the Podfile.lock. Run 'pod install' or update your CocoaPods installation.\nEOM\n    exit 1\nfi\n";
			showEnvVarsInLog = 0;
		};
		F627841E3B73849D0E741C15 /* Copy Pods Resources */ = {
			isa = PBXShellScriptBuildPhase;
			buildActionMask = 2147483647;
			files = (
			);
			inputPaths = (
			);
			name = "Copy Pods Resources";
			outputPaths = (
			);
			runOnlyForDeploymentPostprocessing = 0;
			shellPath = /bin/sh;
			shellScript = "\"${SRCROOT}/Pods/Target Support Files/Pods/Pods-resources.sh\"\n";
			showEnvVarsInLog = 0;
		};
/* End PBXShellScriptBuildPhase section */

/* Begin PBXSourcesBuildPhase section */
		B5DDB6F51AA6745A005BA572 /* Sources */ = {
			isa = PBXSourcesBuildPhase;
			buildActionMask = 2147483647;
			files = (
				B5DDB70C1AA676C6005BA572 /* StackTest.swift in Sources */,
				B5DDB7091AA676C6005BA572 /* Seru.xcdatamodeld in Sources */,
			);
			runOnlyForDeploymentPostprocessing = 0;
		};
/* End PBXSourcesBuildPhase section */

/* Begin XCBuildConfiguration section */
		B5DDB6D81AA67330005BA572 /* Debug */ = {
			isa = XCBuildConfiguration;
			buildSettings = {
			};
			name = Debug;
		};
		B5DDB6D91AA67330005BA572 /* Release */ = {
			isa = XCBuildConfiguration;
			buildSettings = {
			};
			name = Release;
		};
		B5DDB7001AA6745A005BA572 /* Debug */ = {
			isa = XCBuildConfiguration;
			baseConfigurationReference = AB956A484646D5B00CA75650 /* Pods.debug.xcconfig */;
			buildSettings = {
				ALWAYS_SEARCH_USER_PATHS = NO;
				CLANG_CXX_LANGUAGE_STANDARD = "gnu++0x";
				CLANG_CXX_LIBRARY = "libc++";
				CLANG_ENABLE_MODULES = YES;
				CLANG_ENABLE_OBJC_ARC = YES;
				CLANG_WARN_BOOL_CONVERSION = YES;
				CLANG_WARN_CONSTANT_CONVERSION = YES;
				CLANG_WARN_DIRECT_OBJC_ISA_USAGE = YES_ERROR;
				CLANG_WARN_EMPTY_BODY = YES;
				CLANG_WARN_ENUM_CONVERSION = YES;
				CLANG_WARN_INT_CONVERSION = YES;
				CLANG_WARN_OBJC_ROOT_CLASS = YES_ERROR;
				CLANG_WARN_UNREACHABLE_CODE = YES;
				CLANG_WARN__DUPLICATE_METHOD_MATCH = YES;
				COPY_PHASE_STRIP = NO;
				ENABLE_STRICT_OBJC_MSGSEND = YES;
				FRAMEWORK_SEARCH_PATHS = (
					"$(SDKROOT)/Developer/Library/Frameworks",
					"$(inherited)",
				);
				GCC_C_LANGUAGE_STANDARD = gnu99;
				GCC_DYNAMIC_NO_PIC = NO;
				GCC_OPTIMIZATION_LEVEL = 0;
				GCC_PREPROCESSOR_DEFINITIONS = (
					"DEBUG=1",
					"$(inherited)",
				);
				GCC_SYMBOLS_PRIVATE_EXTERN = NO;
				GCC_WARN_64_TO_32_BIT_CONVERSION = YES;
				GCC_WARN_ABOUT_RETURN_TYPE = YES_ERROR;
				GCC_WARN_UNDECLARED_SELECTOR = YES;
				GCC_WARN_UNINITIALIZED_AUTOS = YES_AGGRESSIVE;
				GCC_WARN_UNUSED_FUNCTION = YES;
				GCC_WARN_UNUSED_VARIABLE = YES;
				INFOPLIST_FILE = SeruTests/Info.plist;
				IPHONEOS_DEPLOYMENT_TARGET = 8.0;
				LD_RUNPATH_SEARCH_PATHS = "$(inherited) @executable_path/Frameworks @loader_path/Frameworks";
				MTL_ENABLE_DEBUG_INFO = YES;
				ONLY_ACTIVE_ARCH = YES;
				PRODUCT_NAME = "$(TARGET_NAME)";
				SDKROOT = iphoneos;
				SWIFT_OPTIMIZATION_LEVEL = "-Onone";
			};
			name = Debug;
		};
		B5DDB7011AA6745A005BA572 /* Release */ = {
			isa = XCBuildConfiguration;
			baseConfigurationReference = BC2B77EDC1F8ED7DC3023A8E /* Pods.release.xcconfig */;
			buildSettings = {
				ALWAYS_SEARCH_USER_PATHS = NO;
				CLANG_CXX_LANGUAGE_STANDARD = "gnu++0x";
				CLANG_CXX_LIBRARY = "libc++";
				CLANG_ENABLE_MODULES = YES;
				CLANG_ENABLE_OBJC_ARC = YES;
				CLANG_WARN_BOOL_CONVERSION = YES;
				CLANG_WARN_CONSTANT_CONVERSION = YES;
				CLANG_WARN_DIRECT_OBJC_ISA_USAGE = YES_ERROR;
				CLANG_WARN_EMPTY_BODY = YES;
				CLANG_WARN_ENUM_CONVERSION = YES;
				CLANG_WARN_INT_CONVERSION = YES;
				CLANG_WARN_OBJC_ROOT_CLASS = YES_ERROR;
				CLANG_WARN_UNREACHABLE_CODE = YES;
				CLANG_WARN__DUPLICATE_METHOD_MATCH = YES;
				COPY_PHASE_STRIP = YES;
				ENABLE_NS_ASSERTIONS = NO;
				ENABLE_STRICT_OBJC_MSGSEND = YES;
				FRAMEWORK_SEARCH_PATHS = (
					"$(SDKROOT)/Developer/Library/Frameworks",
					"$(inherited)",
				);
				GCC_C_LANGUAGE_STANDARD = gnu99;
				GCC_WARN_64_TO_32_BIT_CONVERSION = YES;
				GCC_WARN_ABOUT_RETURN_TYPE = YES_ERROR;
				GCC_WARN_UNDECLARED_SELECTOR = YES;
				GCC_WARN_UNINITIALIZED_AUTOS = YES_AGGRESSIVE;
				GCC_WARN_UNUSED_FUNCTION = YES;
				GCC_WARN_UNUSED_VARIABLE = YES;
				INFOPLIST_FILE = SeruTests/Info.plist;
				IPHONEOS_DEPLOYMENT_TARGET = 8.0;
				LD_RUNPATH_SEARCH_PATHS = "$(inherited) @executable_path/Frameworks @loader_path/Frameworks";
				MTL_ENABLE_DEBUG_INFO = NO;
				PRODUCT_NAME = "$(TARGET_NAME)";
				SDKROOT = iphoneos;
				VALIDATE_PRODUCT = YES;
			};
			name = Release;
		};
/* End XCBuildConfiguration section */

/* Begin XCConfigurationList section */
		B5DDB6D71AA67330005BA572 /* Build configuration list for PBXProject "SeruTests" */ = {
			isa = XCConfigurationList;
			buildConfigurations = (
				B5DDB6D81AA67330005BA572 /* Debug */,
				B5DDB6D91AA67330005BA572 /* Release */,
			);
			defaultConfigurationIsVisible = 0;
			defaultConfigurationName = Release;
		};
		B5DDB6FF1AA6745A005BA572 /* Build configuration list for PBXNativeTarget "SeruTests" */ = {
			isa = XCConfigurationList;
			buildConfigurations = (
				B5DDB7001AA6745A005BA572 /* Debug */,
				B5DDB7011AA6745A005BA572 /* Release */,
			);
			defaultConfigurationIsVisible = 0;
			defaultConfigurationName = Release;
		};
/* End XCConfigurationList section */

/* Begin XCVersionGroup section */
		B5DDB7031AA676C6005BA572 /* Seru.xcdatamodeld */ = {
			isa = XCVersionGroup;
			children = (
				B5DDB7041AA676C6005BA572 /* Seru.xcdatamodel */,
			);
			currentVersion = B5DDB7041AA676C6005BA572 /* Seru.xcdatamodel */;
			path = Seru.xcdatamodeld;
			sourceTree = "<group>";
			versionGroupType = wrapper.xcdatamodel;
		};
/* End XCVersionGroup section */
	};
	rootObject = B5DDB6D41AA67330005BA572 /* Project object */;
}
